
Microsoft Visual Studio Solution File, Format Version 11.00
# Visual C# Express 2010
Project("{FAE04EC0-301F-11D3-BF4B-00C04F79EFBC}") = "Taschenrechner", "Taschenrechner\Taschenrechner.csproj", "{2323C934-D013-4032-86BD-674B01106A5D}"
EndProject
Global
	GlobalSection(SolutionConfigurationPlatforms) = preSolution
		Debug|x86 = Debug|x86
		Release|x86 = Release|x86
	EndGlobalSection
	GlobalSection(ProjectConfigurationPlatforms) = postSolution
		{2323C934-D013-4032-86BD-674B01106A5D}.Debug|x86.ActiveCfg = Debug|x86
		{2323C934-D013-4032-86BD-674B01106A5D}.Debug|x86.Build.0 = Debug|x86
		{2323C934-D013-4032-86BD-674B01106A5D}.Release|x86.ActiveCfg = Release|x86
		{2323C934-D013-4032-86BD-674B01106A5D}.Release|x86.Build.0 = Release|x86
	EndGlobalSection
	GlobalSection(SolutionProperties) = preSolution
		HideSolutionNode = FALSE
	EndGlobalSection
EndGlobal
